
Microsoft Visual Studio Solution File, Format Version 12.00
# Visual Studio Version 17
VisualStudioVersion = 17.13.35818.85
MinimumVisualStudioVersion = 10.0.40219.1
Project("{FAE04EC0-301F-11D3-BF4B-00C04F79EFBC}") = "ChildCare.Api", "ChildCare.Api\ChildCare.Api.csproj", "{FAE23C09-B213-4F12-A93F-F9EE16344700}"
EndProject
Project("{FAE04EC0-301F-11D3-BF4B-00C04F79EFBC}") = "ChildCareAdmin", "ChildCareAdmin\ChildCareAdmin.csproj", "{9FA2B7E5-8894-4BBC-8A43-72B5DF96E065}"
EndProject
Global
	GlobalSection(SolutionConfigurationPlatforms) = preSolution
		Debug|Any CPU = Debug|Any CPU
		Release|Any CPU = Release|Any CPU
	EndGlobalSection
	GlobalSection(ProjectConfigurationPlatforms) = postSolution
		{FAE23C09-B213-4F12-A93F-F9EE16344700}.Debug|Any CPU.ActiveCfg = Debug|Any CPU
		{FAE23C09-B213-4F12-A93F-F9EE16344700}.Debug|Any CPU.Build.0 = Debug|Any CPU
		{FAE23C09-B213-4F12-A93F-F9EE16344700}.Release|Any CPU.ActiveCfg = Release|Any CPU
		{FAE23C09-B213-4F12-A93F-F9EE16344700}.Release|Any CPU.Build.0 = Release|Any CPU
		{9FA2B7E5-8894-4BBC-8A43-72B5DF96E065}.Debug|Any CPU.ActiveCfg = Debug|Any CPU
		{9FA2B7E5-8894-4BBC-8A43-72B5DF96E065}.Debug|Any CPU.Build.0 = Debug|Any CPU
		{9FA2B7E5-8894-4BBC-8A43-72B5DF96E065}.Release|Any CPU.ActiveCfg = Release|Any CPU
		{9FA2B7E5-8894-4BBC-8A43-72B5DF96E065}.Release|Any CPU.Build.0 = Release|Any CPU
	EndGlobalSection
	GlobalSection(SolutionProperties) = preSolution
		HideSolutionNode = FALSE
	EndGlobalSection
	GlobalSection(ExtensibilityGlobals) = postSolution
		SolutionGuid = {95EEEA3C-011C-4D02-BF40-067B4CDFB8E5}
	EndGlobalSection
EndGlobal
